
Microsoft Visual Studio Solution File, Format Version 12.00
# Visual Studio Version 16
VisualStudioVersion = 16.0.31105.61
MinimumVisualStudioVersion = 10.0.40219.1
Project("{FAE04EC0-301F-11D3-BF4B-00C04F79EFBC}") = "App1.Android", "App1\App1.Android\App1.Android.csproj", "{BF67A9B4-C861-4F2E-9509-94D7B8B727C6}"
EndProject
Project("{FAE04EC0-301F-11D3-BF4B-00C04F79EFBC}") = "App1.iOS", "App1\App1.iOS\App1.iOS.csproj", "{439AD2B2-225B-43C9-AD2F-453E6700C0CA}"
EndProject
Project("{9A19103F-16F7-4668-BE54-9A1E7A4F7556}") = "App1", "App1\App1\App1.csproj", "{AFABE67D-7112-4BE6-B346-B74E6A73DA20}"
EndProject
Global
	GlobalSection(SolutionConfigurationPlatforms) = preSolution
		Debug|Any CPU = Debug|Any CPU
		Debug|iPhone = Debug|iPhone
		Debug|iPhoneSimulator = Debug|iPhoneSimulator
		Release|Any CPU = Release|Any CPU
		Release|iPhone = Release|iPhone
		Release|iPhoneSimulator = Release|iPhoneSimulator
	EndGlobalSection
	GlobalSection(ProjectConfigurationPlatforms) = postSolution
		{BF67A9B4-C861-4F2E-9509-94D7B8B727C6}.Debug|Any CPU.ActiveCfg = Debug|Any CPU
		{BF67A9B4-C861-4F2E-9509-94D7B8B727C6}.Debug|Any CPU.Build.0 = Debug|Any CPU
		{BF67A9B4-C861-4F2E-9509-94D7B8B727C6}.Debug|Any CPU.Deploy.0 = Debug|Any CPU
		{BF67A9B4-C861-4F2E-9509-94D7B8B727C6}.Debug|iPhone.ActiveCfg = Debug|Any CPU
		{BF67A9B4-C861-4F2E-9509-94D7B8B727C6}.Debug|iPhone.Build.0 = Debug|Any CPU
		{BF67A9B4-C861-4F2E-9509-94D7B8B727C6}.Debug|iPhone.Deploy.0 = Debug|Any CPU
		{BF67A9B4-C861-4F2E-9509-94D7B8B727C6}.Debug|iPhoneSimulator.ActiveCfg = Debug|Any CPU
		{BF67A9B4-C861-4F2E-9509-94D7B8B727C6}.Debug|iPhoneSimulator.Build.0 = Debug|Any CPU
		{BF67A9B4-C861-4F2E-9509-94D7B8B727C6}.Debug|iPhoneSimulator.Deploy.0 = Debug|Any CPU
		{BF67A9B4-C861-4F2E-9509-94D7B8B727C6}.Release|Any CPU.ActiveCfg = Release|Any CPU
		{BF67A9B4-C861-4F2E-9509-94D7B8B727C6}.Release|Any CPU.Build.0 = Release|Any CPU
		{BF67A9B4-C861-4F2E-9509-94D7B8B727C6}.Release|Any CPU.Deploy.0 = Release|Any CPU
		{BF67A9B4-C861-4F2E-9509-94D7B8B727C6}.Release|iPhone.ActiveCfg = Release|Any CPU
		{BF67A9B4-C861-4F2E-9509-94D7B8B727C6}.Release|iPhone.Build.0 = Release|Any CPU
		{BF67A9B4-C861-4F2E-9509-94D7B8B727C6}.Release|iPhone.Deploy.0 = Release|Any CPU
		{BF67A9B4-C861-4F2E-9509-94D7B8B727C6}.Release|iPhoneSimulator.ActiveCfg = Release|Any CPU
		{BF67A9B4-C861-4F2E-9509-94D7B8B727C6}.Release|iPhoneSimulator.Build.0 = Release|Any CPU
		{BF67A9B4-C861-4F2E-9509-94D7B8B727C6}.Release|iPhoneSimulator.Deploy.0 = Release|Any CPU
		{439AD2B2-225B-43C9-AD2F-453E6700C0CA}.Debug|Any CPU.ActiveCfg = Debug|iPhone
		{439AD2B2-225B-43C9-AD2F-453E6700C0CA}.Debug|Any CPU.Build.0 = Debug|iPhone
		{439AD2B2-225B-43C9-AD2F-453E6700C0CA}.Debug|Any CPU.Deploy.0 = Debug|iPhone
		{439AD2B2-225B-43C9-AD2F-453E6700C0CA}.Debug|iPhone.ActiveCfg = Debug|iPhone
		{439AD2B2-225B-43C9-AD2F-453E6700C0CA}.Debug|iPhone.Build.0 = Debug|iPhone
		{439AD2B2-225B-43C9-AD2F-453E6700C0CA}.Debug|iPhone.Deploy.0 = Debug|iPhone
		{439AD2B2-225B-43C9-AD2F-453E6700C0CA}.Debug|iPhoneSimulator.ActiveCfg = Debug|iPhoneSimulator
		{439AD2B2-225B-43C9-AD2F-453E6700C0CA}.Debug|iPhoneSimulator.Build.0 = Debug|iPhoneSimulator
		{439AD2B2-225B-43C9-AD2F-453E6700C0CA}.Debug|iPhoneSimulator.Deploy.0 = Debug|iPhoneSimulator
		{439AD2B2-225B-43C9-AD2F-453E6700C0CA}.Release|Any CPU.ActiveCfg = Release|iPhoneSimulator
		{439AD2B2-225B-43C9-AD2F-453E6700C0CA}.Release|Any CPU.Build.0 = Release|iPhoneSimulator
		{439AD2B2-225B-43C9-AD2F-453E6700C0CA}.Release|Any CPU.Deploy.0 = Release|iPhoneSimulator
		{439AD2B2-225B-43C9-AD2F-453E6700C0CA}.Release|iPhone.ActiveCfg = Release|iPhone
		{439AD2B2-225B-43C9-AD2F-453E6700C0CA}.Release|iPhone.Build.0 = Release|iPhone
		{439AD2B2-225B-43C9-AD2F-453E6700C0CA}.Release|iPhone.Deploy.0 = Release|iPhone
		{439AD2B2-225B-43C9-AD2F-453E6700C0CA}.Release|iPhoneSimulator.ActiveCfg = Release|iPhoneSimulator
		{439AD2B2-225B-43C9-AD2F-453E6700C0CA}.Release|iPhoneSimulator.Build.0 = Release|iPhoneSimulator
		{439AD2B2-225B-43C9-AD2F-453E6700C0CA}.Release|iPhoneSimulator.Deploy.0 = Release|iPhoneSimulator
		{AFABE67D-7112-4BE6-B346-B74E6A73DA20}.Debug|Any CPU.ActiveCfg = Debug|Any CPU
		{AFABE67D-7112-4BE6-B346-B74E6A73DA20}.Debug|Any CPU.Build.0 = Debug|Any CPU
		{AFABE67D-7112-4BE6-B346-B74E6A73DA20}.Debug|Any CPU.Deploy.0 = Debug|Any CPU
		{AFABE67D-7112-4BE6-B346-B74E6A73DA20}.Debug|iPhone.ActiveCfg = Debug|Any CPU
		{AFABE67D-7112-4BE6-B346-B74E6A73DA20}.Debug|iPhone.Build.0 = Debug|Any CPU
		{AFABE67D-7112-4BE6-B346-B74E6A73DA20}.Debug|iPhone.Deploy.0 = Debug|Any CPU
		{AFABE67D-7112-4BE6-B346-B74E6A73DA20}.Debug|iPhoneSimulator.ActiveCfg = Debug|Any CPU
		{AFABE67D-7112-4BE6-B346-B74E6A73DA20}.Debug|iPhoneSimulator.Build.0 = Debug|Any CPU
		{AFABE67D-7112-4BE6-B346-B74E6A73DA20}.Debug|iPhoneSimulator.Deploy.0 = Debug|Any CPU
		{AFABE67D-7112-4BE6-B346-B74E6A73DA20}.Release|Any CPU.ActiveCfg = Release|Any CPU
		{AFABE67D-7112-4BE6-B346-B74E6A73DA20}.Release|Any CPU.Build.0 = Release|Any CPU
		{AFABE67D-7112-4BE6-B346-B74E6A73DA20}.Release|Any CPU.Deploy.0 = Release|Any CPU
		{AFABE67D-7112-4BE6-B346-B74E6A73DA20}.Release|iPhone.ActiveCfg = Release|Any CPU
		{AFABE67D-7112-4BE6-B346-B74E6A73DA20}.Release|iPhone.Build.0 = Release|Any CPU
		{AFABE67D-7112-4BE6-B346-B74E6A73DA20}.Release|iPhone.Deploy.0 = Release|Any CPU
		{AFABE67D-7112-4BE6-B346-B74E6A73DA20}.Release|iPhoneSimulator.ActiveCfg = Release|Any CPU
		{AFABE67D-7112-4BE6-B346-B74E6A73DA20}.Release|iPhoneSimulator.Build.0 = Release|Any CPU
		{AFABE67D-7112-4BE6-B346-B74E6A73DA20}.Release|iPhoneSimulator.Deploy.0 = Release|Any CPU
	EndGlobalSection
	GlobalSection(SolutionProperties) = preSolution
		HideSolutionNode = FALSE
	EndGlobalSection
	GlobalSection(ExtensibilityGlobals) = postSolution
		SolutionGuid = {8C0A28BD-9882-4A73-B554-4C5FA598C383}
	EndGlobalSection
EndGlobal
